
Microsoft Visual Studio Solution File, Format Version 12.00
# Visual Studio Version 17
VisualStudioVersion = 17.5.33516.290
MinimumVisualStudioVersion = 10.0.40219.1
Project("{FAE04EC0-301F-11D3-BF4B-00C04F79EFBC}") = "Lista4PR2", "Lista4PR2\Lista4PR2.csproj", "{4CFC5B11-1C56-4BED-B8F0-AE0C039C499E}"
EndProject
Global
	GlobalSection(SolutionConfigurationPlatforms) = preSolution
		Debug|Any CPU = Debug|Any CPU
		Release|Any CPU = Release|Any CPU
	EndGlobalSection
	GlobalSection(ProjectConfigurationPlatforms) = postSolution
		{4CFC5B11-1C56-4BED-B8F0-AE0C039C499E}.Debug|Any CPU.ActiveCfg = Debug|Any CPU
		{4CFC5B11-1C56-4BED-B8F0-AE0C039C499E}.Debug|Any CPU.Build.0 = Debug|Any CPU
		{4CFC5B11-1C56-4BED-B8F0-AE0C039C499E}.Release|Any CPU.ActiveCfg = Release|Any CPU
		{4CFC5B11-1C56-4BED-B8F0-AE0C039C499E}.Release|Any CPU.Build.0 = Release|Any CPU
	EndGlobalSection
	GlobalSection(SolutionProperties) = preSolution
		HideSolutionNode = FALSE
	EndGlobalSection
	GlobalSection(ExtensibilityGlobals) = postSolution
		SolutionGuid = {F8AABE79-3683-491B-AEF9-F410B5C9DB29}
	EndGlobalSection
EndGlobal
